
Microsoft Visual Studio Solution File, Format Version 12.00
# Visual Studio Version 17
VisualStudioVersion = 17.2.32526.322
MinimumVisualStudioVersion = 10.0.40219.1
Project("{FAE04EC0-301F-11D3-BF4B-00C04F79EFBC}") = "HW TabControl", "HW TabControl\HW TabControl.csproj", "{51E0E85E-9872-43D7-9328-AEFE62BB96EF}"
EndProject
Global
	GlobalSection(SolutionConfigurationPlatforms) = preSolution
		Debug|Any CPU = Debug|Any CPU
		Release|Any CPU = Release|Any CPU
	EndGlobalSection
	GlobalSection(ProjectConfigurationPlatforms) = postSolution
		{51E0E85E-9872-43D7-9328-AEFE62BB96EF}.Debug|Any CPU.ActiveCfg = Debug|Any CPU
		{51E0E85E-9872-43D7-9328-AEFE62BB96EF}.Debug|Any CPU.Build.0 = Debug|Any CPU
		{51E0E85E-9872-43D7-9328-AEFE62BB96EF}.Release|Any CPU.ActiveCfg = Release|Any CPU
		{51E0E85E-9872-43D7-9328-AEFE62BB96EF}.Release|Any CPU.Build.0 = Release|Any CPU
	EndGlobalSection
	GlobalSection(SolutionProperties) = preSolution
		HideSolutionNode = FALSE
	EndGlobalSection
	GlobalSection(ExtensibilityGlobals) = postSolution
		SolutionGuid = {D503B988-E89E-46FE-9DA3-6B24F4EF18B9}
	EndGlobalSection
EndGlobal
